{
  "requires": true,
  "lockfileVersion": 1,
  "dependencies": {
    "jquery-to-javascript": {
      "version": "0.1.3",
      "resolved": "https://registry.npmjs.org/jquery-to-javascript/-/jquery-to-javascript-0.1.3.tgz",
      "integrity": "sha512-DIxGJJGhPoPiOhk2io5yQ+4kgTM6UB2V9Ajz5MM8TYCfY4CPNiA0IGyFvKLBMWEKHPQ8SmfVvdrC1HV5SUflnw=="
    }
  }
}
